
Microsoft Visual Studio Solution File, Format Version 12.00
# Visual Studio Version 16
VisualStudioVersion = 16.0.30804.86
MinimumVisualStudioVersion = 10.0.40219.1
Project("{9A19103F-16F7-4668-BE54-9A1E7A4F7556}") = "UemgPergamum.API", "UemgPergamum.API\UemgPergamum.API.csproj", "{F3FCFFEF-DD54-45BF-A38C-77A62E4D243C}"
EndProject
Project("{9A19103F-16F7-4668-BE54-9A1E7A4F7556}") = "UemgPergamumAPI.Domain", "UemgPergamumAPI.Domain\UemgPergamumAPI.Domain.csproj", "{5FFC88E8-5C31-43A5-989C-274F2E83B2E5}"
EndProject
Project("{9A19103F-16F7-4668-BE54-9A1E7A4F7556}") = "UemgPergamumAPI.Service", "UemgPergamumAPI.Service\UemgPergamumAPI.Service.csproj", "{09412194-CC9A-444F-A226-4338D6693056}"
EndProject
Global
	GlobalSection(SolutionConfigurationPlatforms) = preSolution
		Debug|Any CPU = Debug|Any CPU
		Release|Any CPU = Release|Any CPU
	EndGlobalSection
	GlobalSection(ProjectConfigurationPlatforms) = postSolution
		{F3FCFFEF-DD54-45BF-A38C-77A62E4D243C}.Debug|Any CPU.ActiveCfg = Debug|Any CPU
		{F3FCFFEF-DD54-45BF-A38C-77A62E4D243C}.Debug|Any CPU.Build.0 = Debug|Any CPU
		{F3FCFFEF-DD54-45BF-A38C-77A62E4D243C}.Release|Any CPU.ActiveCfg = Release|Any CPU
		{F3FCFFEF-DD54-45BF-A38C-77A62E4D243C}.Release|Any CPU.Build.0 = Release|Any CPU
		{5FFC88E8-5C31-43A5-989C-274F2E83B2E5}.Debug|Any CPU.ActiveCfg = Debug|Any CPU
		{5FFC88E8-5C31-43A5-989C-274F2E83B2E5}.Debug|Any CPU.Build.0 = Debug|Any CPU
		{5FFC88E8-5C31-43A5-989C-274F2E83B2E5}.Release|Any CPU.ActiveCfg = Release|Any CPU
		{5FFC88E8-5C31-43A5-989C-274F2E83B2E5}.Release|Any CPU.Build.0 = Release|Any CPU
		{09412194-CC9A-444F-A226-4338D6693056}.Debug|Any CPU.ActiveCfg = Debug|Any CPU
		{09412194-CC9A-444F-A226-4338D6693056}.Debug|Any CPU.Build.0 = Debug|Any CPU
		{09412194-CC9A-444F-A226-4338D6693056}.Release|Any CPU.ActiveCfg = Release|Any CPU
		{09412194-CC9A-444F-A226-4338D6693056}.Release|Any CPU.Build.0 = Release|Any CPU
	EndGlobalSection
	GlobalSection(SolutionProperties) = preSolution
		HideSolutionNode = FALSE
	EndGlobalSection
	GlobalSection(ExtensibilityGlobals) = postSolution
		SolutionGuid = {597A12D1-0433-46AB-9069-78C0ADEA9A68}
	EndGlobalSection
EndGlobal
